// !$*UTF8*$!
{
	archiveVersion = 1;
	classes = {
	};
	objectVersion = 56;
	objects = {

/* Begin PBXBuildFile section */
		A1234567890ABCDEF001 /* TheaterAppApp.swift in Sources */ = {isa = PBXBuildFile; fileRef = A1234567890ABCDEF002 /* TheaterAppApp.swift */; };
		A1234567890ABCDEF003 /* ContentView.swift in Sources */ = {isa = PBXBuildFile; fileRef = A1234567890ABCDEF004 /* ContentView.swift */; };
		A1234567890ABCDEF005 /* Assets.xcassets in Resources */ = {isa = PBXBuildFile; fileRef = A1234567890ABCDEF006 /* Assets.xcassets */; };
		A1234567890ABCDEF007 /* Preview Assets.xcassets in Resources */ = {isa = PBXBuildFile; fileRef = A1234567890ABCDEF008 /* Preview Assets.xcassets */; };
		C5CE29E32E72F4920047E5A5 /* MainTabView.swift in Sources */ = {isa = PBXBuildFile; fileRef = C5CE29E02E72F4920047E5A5 /* MainTabView.swift */; };
		C5CE29E42E72F4920047E5A5 /* QRCodeService.swift in Sources */ = {isa = PBXBuildFile; fileRef = C5CE29D72E72F4920047E5A5 /* QRCodeService.swift */; };
		C5CE29E52E72F4920047E5A5 /* CalendarView.swift in Sources */ = {isa = PBXBuildFile; fileRef = C5CE29DD2E72F4920047E5A5 /* CalendarView.swift */; };
		C5CE29E62E72F4920047E5A5 /* BookingsView.swift in Sources */ = {isa = PBXBuildFile; fileRef = C5CE29DB2E72F4920047E5A5 /* BookingsView.swift */; };
		C5CE29E72E72F4920047E5A5 /* HomeView.swift in Sources */ = {isa = PBXBuildFile; fileRef = C5CE29DF2E72F4920047E5A5 /* HomeView.swift */; };
		C5CE29E82E72F4920047E5A5 /* CreateShowView.swift in Sources */ = {isa = PBXBuildFile; fileRef = C5CE29DE2E72F4920047E5A5 /* CreateShowView.swift */; };
		C5CE29E92E72F4920047E5A5 /* APIService.swift in Sources */ = {isa = PBXBuildFile; fileRef = C5CE29D52E72F4920047E5A5 /* APIService.swift */; };
		C5CE29EA2E72F4920047E5A5 /* AuthService.swift in Sources */ = {isa = PBXBuildFile; fileRef = C5CE29D62E72F4920047E5A5 /* AuthService.swift */; };
		C5CE29EB2E72F4920047E5A5 /* ProfileView.swift in Sources */ = {isa = PBXBuildFile; fileRef = C5CE29E12E72F4920047E5A5 /* ProfileView.swift */; };
		C5CE29EC2E72F4920047E5A5 /* BookingView.swift in Sources */ = {isa = PBXBuildFile; fileRef = C5CE29DC2E72F4920047E5A5 /* BookingView.swift */; };
		C5CE29ED2E72F4920047E5A5 /* AdminDashboardView.swift in Sources */ = {isa = PBXBuildFile; fileRef = C5CE29D92E72F4920047E5A5 /* AdminDashboardView.swift */; };
		C5CE29EE2E72F4920047E5A5 /* Show.swift in Sources */ = {isa = PBXBuildFile; fileRef = C5CE29D12E72F4920047E5A5 /* Show.swift */; };
		C5CE29EF2E72F4920047E5A5 /* AdminLoginView.swift in Sources */ = {isa = PBXBuildFile; fileRef = C5CE29DA2E72F4920047E5A5 /* AdminLoginView.swift */; };
		C5CE29F02E72F4920047E5A5 /* Preview Assets.xcassets in Resources */ = {isa = PBXBuildFile; fileRef = C5CE29D32E72F4920047E5A5 /* Preview Assets.xcassets */; };
/* End PBXBuildFile section */

/* Begin PBXFileReference section */
		A1234567890ABCDEF002 /* TheaterAppApp.swift */ = {isa = PBXFileReference; lastKnownFileType = sourcecode.swift; path = TheaterAppApp.swift; sourceTree = "<group>"; };
		A1234567890ABCDEF004 /* ContentView.swift */ = {isa = PBXFileReference; lastKnownFileType = sourcecode.swift; path = ContentView.swift; sourceTree = "<group>"; };
		A1234567890ABCDEF006 /* Assets.xcassets */ = {isa = PBXFileReference; lastKnownFileType = folder.assetcatalog; path = Assets.xcassets; sourceTree = "<group>"; };
		A1234567890ABCDEF008 /* Preview Assets.xcassets */ = {isa = PBXFileReference; lastKnownFileType = folder.assetcatalog; path = "Preview Assets.xcassets"; sourceTree = "<group>"; };
		A1234567890ABCDEF019 /* TheaterApp.app */ = {isa = PBXFileReference; explicitFileType = wrapper.application; includeInIndex = 0; path = TheaterApp.app; sourceTree = BUILT_PRODUCTS_DIR; };
		A1234567890ABCDEF020 /* Info.plist */ = {isa = PBXFileReference; lastKnownFileType = text.plist.xml; path = Info.plist; sourceTree = "<group>"; };
		C5CE29D12E72F4920047E5A5 /* Show.swift */ = {isa = PBXFileReference; lastKnownFileType = sourcecode.swift; path = Show.swift; sourceTree = "<group>"; };
		C5CE29D32E72F4920047E5A5 /* Preview Assets.xcassets */ = {isa = PBXFileReference; lastKnownFileType = folder.assetcatalog; path = "Preview Assets.xcassets"; sourceTree = "<group>"; };
		C5CE29D52E72F4920047E5A5 /* APIService.swift */ = {isa = PBXFileReference; lastKnownFileType = sourcecode.swift; path = APIService.swift; sourceTree = "<group>"; };
		C5CE29D62E72F4920047E5A5 /* AuthService.swift */ = {isa = PBXFileReference; lastKnownFileType = sourcecode.swift; path = AuthService.swift; sourceTree = "<group>"; };
		C5CE29D72E72F4920047E5A5 /* QRCodeService.swift */ = {isa = PBXFileReference; lastKnownFileType = sourcecode.swift; path = QRCodeService.swift; sourceTree = "<group>"; };
		C5CE29D92E72F4920047E5A5 /* AdminDashboardView.swift */ = {isa = PBXFileReference; lastKnownFileType = sourcecode.swift; path = AdminDashboardView.swift; sourceTree = "<group>"; };
		C5CE29DA2E72F4920047E5A5 /* AdminLoginView.swift */ = {isa = PBXFileReference; lastKnownFileType = sourcecode.swift; path = AdminLoginView.swift; sourceTree = "<group>"; };
		C5CE29DB2E72F4920047E5A5 /* BookingsView.swift */ = {isa = PBXFileReference; lastKnownFileType = sourcecode.swift; path = BookingsView.swift; sourceTree = "<group>"; };
		C5CE29DC2E72F4920047E5A5 /* BookingView.swift */ = {isa = PBXFileReference; lastKnownFileType = sourcecode.swift; path = BookingView.swift; sourceTree = "<group>"; };
		C5CE29DD2E72F4920047E5A5 /* CalendarView.swift */ = {isa = PBXFileReference; lastKnownFileType = sourcecode.swift; path = CalendarView.swift; sourceTree = "<group>"; };
		C5CE29DE2E72F4920047E5A5 /* CreateShowView.swift */ = {isa = PBXFileReference; lastKnownFileType = sourcecode.swift; path = CreateShowView.swift; sourceTree = "<group>"; };
		C5CE29DF2E72F4920047E5A5 /* HomeView.swift */ = {isa = PBXFileReference; lastKnownFileType = sourcecode.swift; path = HomeView.swift; sourceTree = "<group>"; };
		C5CE29E02E72F4920047E5A5 /* MainTabView.swift */ = {isa = PBXFileReference; lastKnownFileType = sourcecode.swift; path = MainTabView.swift; sourceTree = "<group>"; };
		C5CE29E12E72F4920047E5A5 /* ProfileView.swift */ = {isa = PBXFileReference; lastKnownFileType = sourcecode.swift; path = ProfileView.swift; sourceTree = "<group>"; };
/* End PBXFileReference section */

/* Begin PBXFrameworksBuildPhase section */
		A1234567890ABCDEF021 /* Frameworks */ = {
			isa = PBXFrameworksBuildPhase;
			buildActionMask = 2147483647;
			files = (
			);
			runOnlyForDeploymentPostprocessing = 0;
		};
/* End PBXFrameworksBuildPhase section */

/* Begin PBXGroup section */
		A1234567890ABCDEF022 = {
			isa = PBXGroup;
			children = (
				A1234567890ABCDEF023 /* TheaterApp */,
				A1234567890ABCDEF024 /* Products */,
			);
			sourceTree = "<group>";
		};
		A1234567890ABCDEF023 /* TheaterApp */ = {
			isa = PBXGroup;
			children = (
				C5CE29D02E72F4920047E5A5 /* Components */,
				C5CE29D22E72F4920047E5A5 /* Models */,
				C5CE29D42E72F4920047E5A5 /* Preview Content */,
				C5CE29D82E72F4920047E5A5 /* Services */,
				C5CE29E22E72F4920047E5A5 /* Views */,
				C5CE29CF2E72F4850047E5A5 /* Resources */,
				A1234567890ABCDEF002 /* TheaterAppApp.swift */,
				A1234567890ABCDEF004 /* ContentView.swift */,
				A1234567890ABCDEF006 /* Assets.xcassets */,
				A1234567890ABCDEF020 /* Info.plist */,
				A1234567890ABCDEF025 /* Preview Content */,
			);
			path = TheaterApp;
			sourceTree = "<group>";
		};
		A1234567890ABCDEF024 /* Products */ = {
			isa = PBXGroup;
			children = (
				A1234567890ABCDEF019 /* TheaterApp.app */,
			);
			name = Products;
			sourceTree = "<group>";
		};
		A1234567890ABCDEF025 /* Preview Content */ = {
			isa = PBXGroup;
			children = (
				A1234567890ABCDEF008 /* Preview Assets.xcassets */,
			);
			path = "Preview Content";
			sourceTree = "<group>";
		};
		C5CE29CF2E72F4850047E5A5 /* Resources */ = {
			isa = PBXGroup;
			children = (
			);
			path = Resources;
			sourceTree = "<group>";
		};
		C5CE29D02E72F4920047E5A5 /* Components */ = {
			isa = PBXGroup;
			children = (
			);
			path = Components;
			sourceTree = "<group>";
		};
		C5CE29D22E72F4920047E5A5 /* Models */ = {
			isa = PBXGroup;
			children = (
				C5CE29D12E72F4920047E5A5 /* Show.swift */,
			);
			path = Models;
			sourceTree = "<group>";
		};
		C5CE29D42E72F4920047E5A5 /* Preview Content */ = {
			isa = PBXGroup;
			children = (
				C5CE29D32E72F4920047E5A5 /* Preview Assets.xcassets */,
			);
			path = "Preview Content";
			sourceTree = "<group>";
		};
		C5CE29D82E72F4920047E5A5 /* Services */ = {
			isa = PBXGroup;
			children = (
				C5CE29D52E72F4920047E5A5 /* APIService.swift */,
				C5CE29D62E72F4920047E5A5 /* AuthService.swift */,
				C5CE29D72E72F4920047E5A5 /* QRCodeService.swift */,
			);
			path = Services;
			sourceTree = "<group>";
		};
		C5CE29E22E72F4920047E5A5 /* Views */ = {
			isa = PBXGroup;
			children = (
				C5CE29D92E72F4920047E5A5 /* AdminDashboardView.swift */,
				C5CE29DA2E72F4920047E5A5 /* AdminLoginView.swift */,
				C5CE29DB2E72F4920047E5A5 /* BookingsView.swift */,
				C5CE29DC2E72F4920047E5A5 /* BookingView.swift */,
				C5CE29DD2E72F4920047E5A5 /* CalendarView.swift */,
				C5CE29DE2E72F4920047E5A5 /* CreateShowView.swift */,
				C5CE29DF2E72F4920047E5A5 /* HomeView.swift */,
				C5CE29E02E72F4920047E5A5 /* MainTabView.swift */,
				C5CE29E12E72F4920047E5A5 /* ProfileView.swift */,
			);
			path = Views;
			sourceTree = "<group>";
		};
/* End PBXGroup section */

/* Begin PBXNativeTarget section */
		A1234567890ABCDEF026 /* TheaterApp */ = {
			isa = PBXNativeTarget;
			buildConfigurationList = A1234567890ABCDEF027 /* Build configuration list for PBXNativeTarget "TheaterApp" */;
			buildPhases = (
				A1234567890ABCDEF028 /* Sources */,
				A1234567890ABCDEF021 /* Frameworks */,
				A1234567890ABCDEF029 /* Resources */,
			);
			buildRules = (
			);
			dependencies = (
			);
			name = TheaterApp;
			productName = TheaterApp;
			productReference = A1234567890ABCDEF019 /* TheaterApp.app */;
			productType = "com.apple.product-type.application";
		};
/* End PBXNativeTarget section */

/* Begin PBXProject section */
		A1234567890ABCDEF030 /* Project object */ = {
			isa = PBXProject;
			attributes = {
				BuildIndependentTargetsInParallel = 1;
				LastSwiftUpdateCheck = 1500;
				LastUpgradeCheck = 1500;
				TargetAttributes = {
					A1234567890ABCDEF026 = {
						CreatedOnToolsVersion = 15.0;
					};
				};
			};
			buildConfigurationList = A1234567890ABCDEF031 /* Build configuration list for PBXProject "TheaterApp" */;
			compatibilityVersion = "Xcode 14.0";
			developmentRegion = en;
			hasScannedForEncodings = 0;
			knownRegions = (
				en,
				Base,
			);
			mainGroup = A1234567890ABCDEF022;
			productRefGroup = A1234567890ABCDEF024 /* Products */;
			projectDirPath = "";
			projectRoot = "";
			targets = (
				A1234567890ABCDEF026 /* TheaterApp */,
			);
		};
/* End PBXProject section */

/* Begin PBXResourcesBuildPhase section */
		A1234567890ABCDEF029 /* Resources */ = {
			isa = PBXResourcesBuildPhase;
			buildActionMask = 2147483647;
			files = (
				A1234567890ABCDEF007 /* Preview Assets.xcassets in Resources */,
				C5CE29F02E72F4920047E5A5 /* Preview Assets.xcassets in Resources */,
				A1234567890ABCDEF005 /* Assets.xcassets in Resources */,
			);
			runOnlyForDeploymentPostprocessing = 0;
		};
/* End PBXResourcesBuildPhase section */

/* Begin PBXSourcesBuildPhase section */
		A1234567890ABCDEF028 /* Sources */ = {
			isa = PBXSourcesBuildPhase;
			buildActionMask = 2147483647;
			files = (
				A1234567890ABCDEF003 /* ContentView.swift in Sources */,
				C5CE29E32E72F4920047E5A5 /* MainTabView.swift in Sources */,
				C5CE29E42E72F4920047E5A5 /* QRCodeService.swift in Sources */,
				C5CE29E52E72F4920047E5A5 /* CalendarView.swift in Sources */,
				C5CE29E62E72F4920047E5A5 /* BookingsView.swift in Sources */,
				C5CE29E72E72F4920047E5A5 /* HomeView.swift in Sources */,
				C5CE29E82E72F4920047E5A5 /* CreateShowView.swift in Sources */,
				C5CE29E92E72F4920047E5A5 /* APIService.swift in Sources */,
				C5CE29EA2E72F4920047E5A5 /* AuthService.swift in Sources */,
				C5CE29EB2E72F4920047E5A5 /* ProfileView.swift in Sources */,
				C5CE29EC2E72F4920047E5A5 /* BookingView.swift in Sources */,
				C5CE29ED2E72F4920047E5A5 /* AdminDashboardView.swift in Sources */,
				C5CE29EE2E72F4920047E5A5 /* Show.swift in Sources */,
				C5CE29EF2E72F4920047E5A5 /* AdminLoginView.swift in Sources */,
				A1234567890ABCDEF001 /* TheaterAppApp.swift in Sources */,
			);
			runOnlyForDeploymentPostprocessing = 0;
		};
/* End PBXSourcesBuildPhase section */

/* Begin XCBuildConfiguration section */
		A1234567890ABCDEF032 /* Debug */ = {
			isa = XCBuildConfiguration;
			buildSettings = {
				ALWAYS_SEARCH_USER_PATHS = NO;
				ASSETCATALOG_COMPILER_GENERATE_SWIFT_ASSET_SYMBOL_EXTENSIONS = YES;
				CLANG_ANALYZER_NONNULL = YES;
				CLANG_ANALYZER_NUMBER_OBJECT_CONVERSION = YES_AGGRESSIVE;
				CLANG_CXX_LANGUAGE_STANDARD = "gnu++20";
				CLANG_ENABLE_MODULES = YES;
				CLANG_ENABLE_OBJC_ARC = YES;
				CLANG_ENABLE_OBJC_WEAK = YES;
				CLANG_WARN_BLOCK_CAPTURE_AUTORELEASING = YES;
				CLANG_WARN_BOOL_CONVERSION = YES;
				CLANG_WARN_COMMA = YES;
				CLANG_WARN_CONSTANT_CONVERSION = YES;
				CLANG_WARN_DEPRECATED_OBJC_IMPLEMENTATIONS = YES;
				CLANG_WARN_DIRECT_OBJC_ISA_USAGE = YES_ERROR;
				CLANG_WARN_DOCUMENTATION_COMMENTS = YES;
				CLANG_WARN_EMPTY_BODY = YES;
				CLANG_WARN_ENUM_CONVERSION = YES;
				CLANG_WARN_INFINITE_RECURSION = YES;
				CLANG_WARN_INT_CONVERSION = YES;
				CLANG_WARN_NON_LITERAL_NULL_CONVERSION = YES;
				CLANG_WARN_OBJC_IMPLICIT_RETAIN_SELF = YES;
				CLANG_WARN_OBJC_LITERAL_CONVERSION = YES;
				CLANG_WARN_OBJC_ROOT_CLASS = YES_ERROR;
				CLANG_WARN_QUOTED_INCLUDE_IN_FRAMEWORK_HEADER = YES;
				CLANG_WARN_RANGE_LOOP_ANALYSIS = YES;
				CLANG_WARN_STRICT_PROTOTYPES = YES;
				CLANG_WARN_SUSPICIOUS_MOVE = YES;
				CLANG_WARN_UNGUARDED_AVAILABILITY = YES_AGGRESSIVE;
				CLANG_WARN_UNREACHABLE_CODE = YES;
				CLANG_WARN__DUPLICATE_METHOD_MATCH = YES;
				COPY_PHASE_STRIP = NO;
				DEBUG_INFORMATION_FORMAT = dwarf;
				ENABLE_STRICT_OBJC_MSGSEND = YES;
				ENABLE_TESTABILITY = YES;
				ENABLE_USER_SCRIPT_SANDBOXING = YES;
				GCC_C_LANGUAGE_STANDARD = gnu17;
				GCC_DYNAMIC_NO_PIC = NO;
				GCC_NO_COMMON_BLOCKS = YES;
				GCC_OPTIMIZATION_LEVEL = 0;
				GCC_PREPROCESSOR_DEFINITIONS = (
					"DEBUG=1",
					"$(inherited)",
				);
				GCC_WARN_64_TO_32_BIT_CONVERSION = YES;
				GCC_WARN_ABOUT_RETURN_TYPE = YES_ERROR;
				GCC_WARN_UNDECLARED_SELECTOR = YES;
				GCC_WARN_UNINITIALIZED_AUTOS = YES_AGGRESSIVE;
				GCC_WARN_UNUSED_FUNCTION = YES;
				GCC_WARN_UNUSED_VARIABLE = YES;
				IPHONEOS_DEPLOYMENT_TARGET = 17.0;
				LOCALIZATION_PREFERS_STRING_CATALOGS = YES;
				MTL_ENABLE_DEBUG_INFO = INCLUDE_SOURCE;
				MTL_FAST_MATH = YES;
				ONLY_ACTIVE_ARCH = YES;
				SDKROOT = iphoneos;
				SWIFT_ACTIVE_COMPILATION_CONDITIONS = "DEBUG $(inherited)";
				SWIFT_OPTIMIZATION_LEVEL = "-Onone";
			};
			name = Debug;
		};
		A1234567890ABCDEF033 /* Release */ = {
			isa = XCBuildConfiguration;
			buildSettings = {
				ALWAYS_SEARCH_USER_PATHS = NO;
				ASSETCATALOG_COMPILER_GENERATE_SWIFT_ASSET_SYMBOL_EXTENSIONS = YES;
				CLANG_ANALYZER_NONNULL = YES;
				CLANG_ANALYZER_NUMBER_OBJECT_CONVERSION = YES_AGGRESSIVE;
				CLANG_CXX_LANGUAGE_STANDARD = "gnu++20";
				CLANG_ENABLE_MODULES = YES;
				CLANG_ENABLE_OBJC_ARC = YES;
				CLANG_ENABLE_OBJC_WEAK = YES;
				CLANG_WARN_BLOCK_CAPTURE_AUTORELEASING = YES;
				CLANG_WARN_BOOL_CONVERSION = YES;
				CLANG_WARN_COMMA = YES;
				CLANG_WARN_CONSTANT_CONVERSION = YES;
				CLANG_WARN_DEPRECATED_OBJC_IMPLEMENTATIONS = YES;
				CLANG_WARN_DIRECT_OBJC_ISA_USAGE = YES_ERROR;
				CLANG_WARN_DOCUMENTATION_COMMENTS = YES;
				CLANG_WARN_EMPTY_BODY = YES;
				CLANG_WARN_ENUM_CONVERSION = YES;
				CLANG_WARN_INFINITE_RECURSION = YES;
				CLANG_WARN_INT_CONVERSION = YES;
				CLANG_WARN_NON_LITERAL_NULL_CONVERSION = YES;
				CLANG_WARN_OBJC_IMPLICIT_RETAIN_SELF = YES;
				CLANG_WARN_OBJC_LITERAL_CONVERSION = YES;
				CLANG_WARN_OBJC_ROOT_CLASS = YES_ERROR;
				CLANG_WARN_QUOTED_INCLUDE_IN_FRAMEWORK_HEADER = YES;
				CLANG_WARN_RANGE_LOOP_ANALYSIS = YES;
				CLANG_WARN_STRICT_PROTOTYPES = YES;
				CLANG_WARN_SUSPICIOUS_MOVE = YES;
				CLANG_WARN_UNGUARDED_AVAILABILITY = YES_AGGRESSIVE;
				CLANG_WARN_UNREACHABLE_CODE = YES;
				CLANG_WARN__DUPLICATE_METHOD_MATCH = YES;
				COPY_PHASE_STRIP = NO;
				DEBUG_INFORMATION_FORMAT = "dwarf-with-dsym";
				ENABLE_NS_ASSERTIONS = NO;
				ENABLE_STRICT_OBJC_MSGSEND = YES;
				ENABLE_USER_SCRIPT_SANDBOXING = YES;
				GCC_C_LANGUAGE_STANDARD = gnu17;
				GCC_NO_COMMON_BLOCKS = YES;
				GCC_WARN_64_TO_32_BIT_CONVERSION = YES;
				GCC_WARN_ABOUT_RETURN_TYPE = YES_ERROR;
				GCC_WARN_UNDECLARED_SELECTOR = YES;
				GCC_WARN_UNINITIALIZED_AUTOS = YES_AGGRESSIVE;
				GCC_WARN_UNUSED_FUNCTION = YES;
				GCC_WARN_UNUSED_VARIABLE = YES;
				IPHONEOS_DEPLOYMENT_TARGET = 17.0;
				LOCALIZATION_PREFERS_STRING_CATALOGS = YES;
				MTL_ENABLE_DEBUG_INFO = NO;
				MTL_FAST_MATH = YES;
				SDKROOT = iphoneos;
				SWIFT_COMPILATION_MODE = wholemodule;
				VALIDATE_PRODUCT = YES;
			};
			name = Release;
		};
		A1234567890ABCDEF034 /* Debug */ = {
			isa = XCBuildConfiguration;
			buildSettings = {
				ASSETCATALOG_COMPILER_APPICON_NAME = AppIcon;
				ASSETCATALOG_COMPILER_GLOBAL_ACCENT_COLOR_NAME = AccentColor;
				CODE_SIGN_STYLE = Automatic;
				CURRENT_PROJECT_VERSION = 1;
				DEVELOPMENT_ASSET_PATHS = "\"TheaterApp/Preview Content\"";
				DEVELOPMENT_TEAM = KJXXLB555J;
				ENABLE_PREVIEWS = YES;
				GENERATE_INFOPLIST_FILE = YES;
				INFOPLIST_FILE = TheaterApp/Info.plist;
				INFOPLIST_KEY_UIApplicationSceneManifest_Generation = YES;
				INFOPLIST_KEY_UIApplicationSupportsIndirectInputEvents = YES;
				INFOPLIST_KEY_UILaunchScreen_Generation = YES;
				INFOPLIST_KEY_UISupportedInterfaceOrientations_iPad = "UIInterfaceOrientationPortrait UIInterfaceOrientationPortraitUpsideDown UIInterfaceOrientationLandscapeLeft UIInterfaceOrientationLandscapeRight";
				INFOPLIST_KEY_UISupportedInterfaceOrientations_iPhone = "UIInterfaceOrientationPortrait UIInterfaceOrientationLandscapeLeft UIInterfaceOrientationLandscapeRight";
				IPHONEOS_DEPLOYMENT_TARGET = 17.0;
				LD_RUNPATH_SEARCH_PATHS = (
					"$(inherited)",
					"@executable_path/Frameworks",
				);
				MARKETING_VERSION = 1.0;
				PRODUCT_BUNDLE_IDENTIFIER = com.theaterapp.TheaterApp;
				PRODUCT_NAME = "$(TARGET_NAME)";
				SWIFT_EMIT_LOC_STRINGS = YES;
				SWIFT_VERSION = 5.0;
				TARGETED_DEVICE_FAMILY = "1,2";
			};
			name = Debug;
		};
		A1234567890ABCDEF035 /* Release */ = {
			isa = XCBuildConfiguration;
			buildSettings = {
				ASSETCATALOG_COMPILER_APPICON_NAME = AppIcon;
				ASSETCATALOG_COMPILER_GLOBAL_ACCENT_COLOR_NAME = AccentColor;
				CODE_SIGN_STYLE = Automatic;
				CURRENT_PROJECT_VERSION = 1;
				DEVELOPMENT_ASSET_PATHS = "\"TheaterApp/Preview Content\"";
				DEVELOPMENT_TEAM = KJXXLB555J;
				ENABLE_PREVIEWS = YES;
				GENERATE_INFOPLIST_FILE = YES;
				INFOPLIST_FILE = TheaterApp/Info.plist;
				INFOPLIST_KEY_UIApplicationSceneManifest_Generation = YES;
				INFOPLIST_KEY_UIApplicationSupportsIndirectInputEvents = YES;
				INFOPLIST_KEY_UILaunchScreen_Generation = YES;
				INFOPLIST_KEY_UISupportedInterfaceOrientations_iPad = "UIInterfaceOrientationPortrait UIInterfaceOrientationPortraitUpsideDown UIInterfaceOrientationLandscapeLeft UIInterfaceOrientationLandscapeRight";
				INFOPLIST_KEY_UISupportedInterfaceOrientations_iPhone = "UIInterfaceOrientationPortrait UIInterfaceOrientationLandscapeLeft UIInterfaceOrientationLandscapeRight";
				IPHONEOS_DEPLOYMENT_TARGET = 17.0;
				LD_RUNPATH_SEARCH_PATHS = (
					"$(inherited)",
					"@executable_path/Frameworks",
				);
				MARKETING_VERSION = 1.0;
				PRODUCT_BUNDLE_IDENTIFIER = com.theaterapp.TheaterApp;
				PRODUCT_NAME = "$(TARGET_NAME)";
				SWIFT_EMIT_LOC_STRINGS = YES;
				SWIFT_VERSION = 5.0;
				TARGETED_DEVICE_FAMILY = "1,2";
			};
			name = Release;
		};
/* End XCBuildConfiguration section */

/* Begin XCConfigurationList section */
		A1234567890ABCDEF027 /* Build configuration list for PBXNativeTarget "TheaterApp" */ = {
			isa = XCConfigurationList;
			buildConfigurations = (
				A1234567890ABCDEF034 /* Debug */,
				A1234567890ABCDEF035 /* Release */,
			);
			defaultConfigurationIsVisible = 0;
			defaultConfigurationName = Release;
		};
		A1234567890ABCDEF031 /* Build configuration list for PBXProject "TheaterApp" */ = {
			isa = XCConfigurationList;
			buildConfigurations = (
				A1234567890ABCDEF032 /* Debug */,
				A1234567890ABCDEF033 /* Release */,
			);
			defaultConfigurationIsVisible = 0;
			defaultConfigurationName = Release;
		};
/* End XCConfigurationList section */
	};
	rootObject = A1234567890ABCDEF030 /* Project object */;
}
